
Microsoft Visual Studio Solution File, Format Version 12.00
# Visual Studio Version 17
VisualStudioVersion = 17.6.33829.357
MinimumVisualStudioVersion = 10.0.40219.1
Project("{FAE04EC0-301F-11D3-BF4B-00C04F79EFBC}") = "Advanced_1", "Advanced_1\Advanced_1.csproj", "{68F70816-381D-46CD-B2BA-FE5CF473E1C1}"
EndProject
Project("{FAE04EC0-301F-11D3-BF4B-00C04F79EFBC}") = "TypeCasting_Nullable", "TypeCastingg\TypeCasting_Nullable.csproj", "{8C79A5A5-457E-46A9-B0D5-609E8DE6FB69}"
EndProject
Project("{FAE04EC0-301F-11D3-BF4B-00C04F79EFBC}") = "Methods_StackTrace_StackFrame", "Methods_StackTrace_StackFrame\Methods_StackTrace_StackFrame.csproj", "{6D05235E-3A49-4493-9494-FD6990DDB29C}"
EndProject
Project("{FAE04EC0-301F-11D3-BF4B-00C04F79EFBC}") = "Struct", "Struct_Enum\Struct.csproj", "{F1F30C97-0D76-471A-A512-18B59BC296DA}"
EndProject
Project("{FAE04EC0-301F-11D3-BF4B-00C04F79EFBC}") = "RefType_PassBy", "RefType_PassBy\RefType_PassBy.csproj", "{9D45086A-0342-43FD-8D9D-E4E31F0C68C4}"
EndProject
Project("{FAE04EC0-301F-11D3-BF4B-00C04F79EFBC}") = "ENum", "ENum\ENum.csproj", "{EB0C9F87-0BE0-4692-9048-8C749D5511CD}"
EndProject
Project("{FAE04EC0-301F-11D3-BF4B-00C04F79EFBC}") = "Property", "Property\Property.csproj", "{12F01F7A-9364-472E-A0D3-65A82262D01D}"
EndProject
Project("{FAE04EC0-301F-11D3-BF4B-00C04F79EFBC}") = "Indexer", "Indexer\Indexer.csproj", "{A88F01EF-9ACC-451B-BF50-4C265214E9BC}"
EndProject
Project("{FAE04EC0-301F-11D3-BF4B-00C04F79EFBC}") = "ExceptionHandling", "ExceptionHandling\ExceptionHandling.csproj", "{CB32B802-7E63-40A2-B91A-E918C7C2F967}"
EndProject
Project("{FAE04EC0-301F-11D3-BF4B-00C04F79EFBC}") = "Class_Contructor", "Class_Contructor\Class_Contructor.csproj", "{B1016304-438A-40E0-B680-180E06837D8F}"
EndProject
Project("{FAE04EC0-301F-11D3-BF4B-00C04F79EFBC}") = "Indexer_Foreach", "Indexer_Foreach\Indexer_Foreach.csproj", "{0FC5382E-4243-45FA-AE88-B19CE28C5BCB}"
EndProject
Project("{FAE04EC0-301F-11D3-BF4B-00C04F79EFBC}") = "Delegate", "Delegate\Delegate.csproj", "{4095D42D-C7C4-4E05-B96B-285722D99872}"
EndProject
Project("{FAE04EC0-301F-11D3-BF4B-00C04F79EFBC}") = "Constructors", "Constructors\Constructors.csproj", "{85ED853A-2D2E-48D7-9DCC-C368566FF342}"
EndProject
Project("{FAE04EC0-301F-11D3-BF4B-00C04F79EFBC}") = "Static_Method", "Static_Method\Static_Method.csproj", "{B08A4E3B-2FF2-4DF1-B365-39C806435B7E}"
EndProject
Project("{FAE04EC0-301F-11D3-BF4B-00C04F79EFBC}") = "Access_Modiferss", "Access_Modiferss\Access_Modiferss.csproj", "{9A7F32E1-8306-480E-90BB-C528480B7904}"
EndProject
Project("{FAE04EC0-301F-11D3-BF4B-00C04F79EFBC}") = "Static_Class", "Static_Class\Static_Class.csproj", "{E96986A5-E38B-432F-9C67-C8DF748A096F}"
EndProject
Project("{FAE04EC0-301F-11D3-BF4B-00C04F79EFBC}") = "OverLoading", "OverLoading\OverLoading.csproj", "{646CD53E-E8D8-4FC3-BE59-BA4E3043A82C}"
EndProject
Project("{FAE04EC0-301F-11D3-BF4B-00C04F79EFBC}") = "Overriding", "Overriding\Overriding.csproj", "{26805C20-55A9-4E9C-BA07-472687264B13}"
EndProject
Project("{FAE04EC0-301F-11D3-BF4B-00C04F79EFBC}") = "Class_Eqaulity", "Class_Eqaulity\Class_Eqaulity.csproj", "{30120324-2606-4347-994F-4ECAF707CE26}"
EndProject
Project("{FAE04EC0-301F-11D3-BF4B-00C04F79EFBC}") = "Inheritance", "Inheritance\Inheritance.csproj", "{11133D83-0AC5-41B0-A9A4-71683981B48D}"
EndProject
Project("{FAE04EC0-301F-11D3-BF4B-00C04F79EFBC}") = "AbstractClass", "AbstractClass\AbstractClass.csproj", "{3D35C2CE-3754-47B0-BFA9-E17B15624FCD}"
EndProject
Project("{FAE04EC0-301F-11D3-BF4B-00C04F79EFBC}") = "SealedClass_SealedMethod", "SealedClass_SealedMethod\SealedClass_SealedMethod.csproj", "{B8208DE8-070E-4746-9047-9C39FE8597D2}"
EndProject
Project("{FAE04EC0-301F-11D3-BF4B-00C04F79EFBC}") = "Events", "Events\Events.csproj", "{1C370D34-33A4-47BD-B425-884B47AA0181}"
EndProject
Project("{FAE04EC0-301F-11D3-BF4B-00C04F79EFBC}") = "NoteStore", "NoteStore\NoteStore.csproj", "{F8D175C0-7712-4606-935A-7D419856A538}"
EndProject
Project("{FAE04EC0-301F-11D3-BF4B-00C04F79EFBC}") = "Indexer_2", "Indexer_2\Indexer_2.csproj", "{A8066BAF-B3A8-4883-80C0-C60969386EBC}"
EndProject
Global
	GlobalSection(SolutionConfigurationPlatforms) = preSolution
		Debug|Any CPU = Debug|Any CPU
		Release|Any CPU = Release|Any CPU
	EndGlobalSection
	GlobalSection(ProjectConfigurationPlatforms) = postSolution
		{68F70816-381D-46CD-B2BA-FE5CF473E1C1}.Debug|Any CPU.ActiveCfg = Debug|Any CPU
		{68F70816-381D-46CD-B2BA-FE5CF473E1C1}.Debug|Any CPU.Build.0 = Debug|Any CPU
		{68F70816-381D-46CD-B2BA-FE5CF473E1C1}.Release|Any CPU.ActiveCfg = Release|Any CPU
		{68F70816-381D-46CD-B2BA-FE5CF473E1C1}.Release|Any CPU.Build.0 = Release|Any CPU
		{8C79A5A5-457E-46A9-B0D5-609E8DE6FB69}.Debug|Any CPU.ActiveCfg = Debug|Any CPU
		{8C79A5A5-457E-46A9-B0D5-609E8DE6FB69}.Debug|Any CPU.Build.0 = Debug|Any CPU
		{8C79A5A5-457E-46A9-B0D5-609E8DE6FB69}.Release|Any CPU.ActiveCfg = Release|Any CPU
		{8C79A5A5-457E-46A9-B0D5-609E8DE6FB69}.Release|Any CPU.Build.0 = Release|Any CPU
		{6D05235E-3A49-4493-9494-FD6990DDB29C}.Debug|Any CPU.ActiveCfg = Debug|Any CPU
		{6D05235E-3A49-4493-9494-FD6990DDB29C}.Debug|Any CPU.Build.0 = Debug|Any CPU
		{6D05235E-3A49-4493-9494-FD6990DDB29C}.Release|Any CPU.ActiveCfg = Release|Any CPU
		{6D05235E-3A49-4493-9494-FD6990DDB29C}.Release|Any CPU.Build.0 = Release|Any CPU
		{F1F30C97-0D76-471A-A512-18B59BC296DA}.Debug|Any CPU.ActiveCfg = Debug|Any CPU
		{F1F30C97-0D76-471A-A512-18B59BC296DA}.Debug|Any CPU.Build.0 = Debug|Any CPU
		{F1F30C97-0D76-471A-A512-18B59BC296DA}.Release|Any CPU.ActiveCfg = Release|Any CPU
		{F1F30C97-0D76-471A-A512-18B59BC296DA}.Release|Any CPU.Build.0 = Release|Any CPU
		{9D45086A-0342-43FD-8D9D-E4E31F0C68C4}.Debug|Any CPU.ActiveCfg = Debug|Any CPU
		{9D45086A-0342-43FD-8D9D-E4E31F0C68C4}.Debug|Any CPU.Build.0 = Debug|Any CPU
		{9D45086A-0342-43FD-8D9D-E4E31F0C68C4}.Release|Any CPU.ActiveCfg = Release|Any CPU
		{9D45086A-0342-43FD-8D9D-E4E31F0C68C4}.Release|Any CPU.Build.0 = Release|Any CPU
		{EB0C9F87-0BE0-4692-9048-8C749D5511CD}.Debug|Any CPU.ActiveCfg = Debug|Any CPU
		{EB0C9F87-0BE0-4692-9048-8C749D5511CD}.Debug|Any CPU.Build.0 = Debug|Any CPU
		{EB0C9F87-0BE0-4692-9048-8C749D5511CD}.Release|Any CPU.ActiveCfg = Release|Any CPU
		{EB0C9F87-0BE0-4692-9048-8C749D5511CD}.Release|Any CPU.Build.0 = Release|Any CPU
		{12F01F7A-9364-472E-A0D3-65A82262D01D}.Debug|Any CPU.ActiveCfg = Debug|Any CPU
		{12F01F7A-9364-472E-A0D3-65A82262D01D}.Debug|Any CPU.Build.0 = Debug|Any CPU
		{12F01F7A-9364-472E-A0D3-65A82262D01D}.Release|Any CPU.ActiveCfg = Release|Any CPU
		{12F01F7A-9364-472E-A0D3-65A82262D01D}.Release|Any CPU.Build.0 = Release|Any CPU
		{A88F01EF-9ACC-451B-BF50-4C265214E9BC}.Debug|Any CPU.ActiveCfg = Debug|Any CPU
		{A88F01EF-9ACC-451B-BF50-4C265214E9BC}.Debug|Any CPU.Build.0 = Debug|Any CPU
		{A88F01EF-9ACC-451B-BF50-4C265214E9BC}.Release|Any CPU.ActiveCfg = Release|Any CPU
		{A88F01EF-9ACC-451B-BF50-4C265214E9BC}.Release|Any CPU.Build.0 = Release|Any CPU
		{CB32B802-7E63-40A2-B91A-E918C7C2F967}.Debug|Any CPU.ActiveCfg = Debug|Any CPU
		{CB32B802-7E63-40A2-B91A-E918C7C2F967}.Debug|Any CPU.Build.0 = Debug|Any CPU
		{CB32B802-7E63-40A2-B91A-E918C7C2F967}.Release|Any CPU.ActiveCfg = Release|Any CPU
		{CB32B802-7E63-40A2-B91A-E918C7C2F967}.Release|Any CPU.Build.0 = Release|Any CPU
		{B1016304-438A-40E0-B680-180E06837D8F}.Debug|Any CPU.ActiveCfg = Debug|Any CPU
		{B1016304-438A-40E0-B680-180E06837D8F}.Debug|Any CPU.Build.0 = Debug|Any CPU
		{B1016304-438A-40E0-B680-180E06837D8F}.Release|Any CPU.ActiveCfg = Release|Any CPU
		{B1016304-438A-40E0-B680-180E06837D8F}.Release|Any CPU.Build.0 = Release|Any CPU
		{0FC5382E-4243-45FA-AE88-B19CE28C5BCB}.Debug|Any CPU.ActiveCfg = Debug|Any CPU
		{0FC5382E-4243-45FA-AE88-B19CE28C5BCB}.Debug|Any CPU.Build.0 = Debug|Any CPU
		{0FC5382E-4243-45FA-AE88-B19CE28C5BCB}.Release|Any CPU.ActiveCfg = Release|Any CPU
		{0FC5382E-4243-45FA-AE88-B19CE28C5BCB}.Release|Any CPU.Build.0 = Release|Any CPU
		{4095D42D-C7C4-4E05-B96B-285722D99872}.Debug|Any CPU.ActiveCfg = Debug|Any CPU
		{4095D42D-C7C4-4E05-B96B-285722D99872}.Debug|Any CPU.Build.0 = Debug|Any CPU
		{4095D42D-C7C4-4E05-B96B-285722D99872}.Release|Any CPU.ActiveCfg = Release|Any CPU
		{4095D42D-C7C4-4E05-B96B-285722D99872}.Release|Any CPU.Build.0 = Release|Any CPU
		{85ED853A-2D2E-48D7-9DCC-C368566FF342}.Debug|Any CPU.ActiveCfg = Debug|Any CPU
		{85ED853A-2D2E-48D7-9DCC-C368566FF342}.Debug|Any CPU.Build.0 = Debug|Any CPU
		{85ED853A-2D2E-48D7-9DCC-C368566FF342}.Release|Any CPU.ActiveCfg = Release|Any CPU
		{85ED853A-2D2E-48D7-9DCC-C368566FF342}.Release|Any CPU.Build.0 = Release|Any CPU
		{B08A4E3B-2FF2-4DF1-B365-39C806435B7E}.Debug|Any CPU.ActiveCfg = Debug|Any CPU
		{B08A4E3B-2FF2-4DF1-B365-39C806435B7E}.Debug|Any CPU.Build.0 = Debug|Any CPU
		{B08A4E3B-2FF2-4DF1-B365-39C806435B7E}.Release|Any CPU.ActiveCfg = Release|Any CPU
		{B08A4E3B-2FF2-4DF1-B365-39C806435B7E}.Release|Any CPU.Build.0 = Release|Any CPU
		{9A7F32E1-8306-480E-90BB-C528480B7904}.Debug|Any CPU.ActiveCfg = Debug|Any CPU
		{9A7F32E1-8306-480E-90BB-C528480B7904}.Debug|Any CPU.Build.0 = Debug|Any CPU
		{9A7F32E1-8306-480E-90BB-C528480B7904}.Release|Any CPU.ActiveCfg = Release|Any CPU
		{9A7F32E1-8306-480E-90BB-C528480B7904}.Release|Any CPU.Build.0 = Release|Any CPU
		{E96986A5-E38B-432F-9C67-C8DF748A096F}.Debug|Any CPU.ActiveCfg = Debug|Any CPU
		{E96986A5-E38B-432F-9C67-C8DF748A096F}.Debug|Any CPU.Build.0 = Debug|Any CPU
		{E96986A5-E38B-432F-9C67-C8DF748A096F}.Release|Any CPU.ActiveCfg = Release|Any CPU
		{E96986A5-E38B-432F-9C67-C8DF748A096F}.Release|Any CPU.Build.0 = Release|Any CPU
		{646CD53E-E8D8-4FC3-BE59-BA4E3043A82C}.Debug|Any CPU.ActiveCfg = Debug|Any CPU
		{646CD53E-E8D8-4FC3-BE59-BA4E3043A82C}.Debug|Any CPU.Build.0 = Debug|Any CPU
		{646CD53E-E8D8-4FC3-BE59-BA4E3043A82C}.Release|Any CPU.ActiveCfg = Release|Any CPU
		{646CD53E-E8D8-4FC3-BE59-BA4E3043A82C}.Release|Any CPU.Build.0 = Release|Any CPU
		{26805C20-55A9-4E9C-BA07-472687264B13}.Debug|Any CPU.ActiveCfg = Debug|Any CPU
		{26805C20-55A9-4E9C-BA07-472687264B13}.Debug|Any CPU.Build.0 = Debug|Any CPU
		{26805C20-55A9-4E9C-BA07-472687264B13}.Release|Any CPU.ActiveCfg = Release|Any CPU
		{26805C20-55A9-4E9C-BA07-472687264B13}.Release|Any CPU.Build.0 = Release|Any CPU
		{30120324-2606-4347-994F-4ECAF707CE26}.Debug|Any CPU.ActiveCfg = Debug|Any CPU
		{30120324-2606-4347-994F-4ECAF707CE26}.Debug|Any CPU.Build.0 = Debug|Any CPU
		{30120324-2606-4347-994F-4ECAF707CE26}.Release|Any CPU.ActiveCfg = Release|Any CPU
		{30120324-2606-4347-994F-4ECAF707CE26}.Release|Any CPU.Build.0 = Release|Any CPU
		{11133D83-0AC5-41B0-A9A4-71683981B48D}.Debug|Any CPU.ActiveCfg = Debug|Any CPU
		{11133D83-0AC5-41B0-A9A4-71683981B48D}.Debug|Any CPU.Build.0 = Debug|Any CPU
		{11133D83-0AC5-41B0-A9A4-71683981B48D}.Release|Any CPU.ActiveCfg = Release|Any CPU
		{11133D83-0AC5-41B0-A9A4-71683981B48D}.Release|Any CPU.Build.0 = Release|Any CPU
		{3D35C2CE-3754-47B0-BFA9-E17B15624FCD}.Debug|Any CPU.ActiveCfg = Debug|Any CPU
		{3D35C2CE-3754-47B0-BFA9-E17B15624FCD}.Debug|Any CPU.Build.0 = Debug|Any CPU
		{3D35C2CE-3754-47B0-BFA9-E17B15624FCD}.Release|Any CPU.ActiveCfg = Release|Any CPU
		{3D35C2CE-3754-47B0-BFA9-E17B15624FCD}.Release|Any CPU.Build.0 = Release|Any CPU
		{B8208DE8-070E-4746-9047-9C39FE8597D2}.Debug|Any CPU.ActiveCfg = Debug|Any CPU
		{B8208DE8-070E-4746-9047-9C39FE8597D2}.Debug|Any CPU.Build.0 = Debug|Any CPU
		{B8208DE8-070E-4746-9047-9C39FE8597D2}.Release|Any CPU.ActiveCfg = Release|Any CPU
		{B8208DE8-070E-4746-9047-9C39FE8597D2}.Release|Any CPU.Build.0 = Release|Any CPU
		{1C370D34-33A4-47BD-B425-884B47AA0181}.Debug|Any CPU.ActiveCfg = Debug|Any CPU
		{1C370D34-33A4-47BD-B425-884B47AA0181}.Debug|Any CPU.Build.0 = Debug|Any CPU
		{1C370D34-33A4-47BD-B425-884B47AA0181}.Release|Any CPU.ActiveCfg = Release|Any CPU
		{1C370D34-33A4-47BD-B425-884B47AA0181}.Release|Any CPU.Build.0 = Release|Any CPU
		{F8D175C0-7712-4606-935A-7D419856A538}.Debug|Any CPU.ActiveCfg = Debug|Any CPU
		{F8D175C0-7712-4606-935A-7D419856A538}.Debug|Any CPU.Build.0 = Debug|Any CPU
		{F8D175C0-7712-4606-935A-7D419856A538}.Release|Any CPU.ActiveCfg = Release|Any CPU
		{F8D175C0-7712-4606-935A-7D419856A538}.Release|Any CPU.Build.0 = Release|Any CPU
		{A8066BAF-B3A8-4883-80C0-C60969386EBC}.Debug|Any CPU.ActiveCfg = Debug|Any CPU
		{A8066BAF-B3A8-4883-80C0-C60969386EBC}.Debug|Any CPU.Build.0 = Debug|Any CPU
		{A8066BAF-B3A8-4883-80C0-C60969386EBC}.Release|Any CPU.ActiveCfg = Release|Any CPU
		{A8066BAF-B3A8-4883-80C0-C60969386EBC}.Release|Any CPU.Build.0 = Release|Any CPU
	EndGlobalSection
	GlobalSection(SolutionProperties) = preSolution
		HideSolutionNode = FALSE
	EndGlobalSection
	GlobalSection(ExtensibilityGlobals) = postSolution
		SolutionGuid = {C680AC98-8C2A-4C6F-A729-258DFD6E6C7F}
	EndGlobalSection
EndGlobal
