
Microsoft Visual Studio Solution File, Format Version 12.00
# Visual Studio Version 17
VisualStudioVersion = 17.7.34031.279
MinimumVisualStudioVersion = 10.0.40219.1
Project("{FAE04EC0-301F-11D3-BF4B-00C04F79EFBC}") = "Singleton_Private_Ctor", "Singleton_Private_Ctor\Singleton_Private_Ctor.csproj", "{C0D93BBF-F93E-4182-B4CE-DF078BA26F23}"
EndProject
Global
	GlobalSection(SolutionConfigurationPlatforms) = preSolution
		Debug|Any CPU = Debug|Any CPU
		Release|Any CPU = Release|Any CPU
	EndGlobalSection
	GlobalSection(ProjectConfigurationPlatforms) = postSolution
		{C0D93BBF-F93E-4182-B4CE-DF078BA26F23}.Debug|Any CPU.ActiveCfg = Debug|Any CPU
		{C0D93BBF-F93E-4182-B4CE-DF078BA26F23}.Debug|Any CPU.Build.0 = Debug|Any CPU
		{C0D93BBF-F93E-4182-B4CE-DF078BA26F23}.Release|Any CPU.ActiveCfg = Release|Any CPU
		{C0D93BBF-F93E-4182-B4CE-DF078BA26F23}.Release|Any CPU.Build.0 = Release|Any CPU
	EndGlobalSection
	GlobalSection(SolutionProperties) = preSolution
		HideSolutionNode = FALSE
	EndGlobalSection
	GlobalSection(ExtensibilityGlobals) = postSolution
		SolutionGuid = {91E9C97A-4966-4F88-93E6-368B3598619B}
	EndGlobalSection
EndGlobal
