
Microsoft Visual Studio Solution File, Format Version 12.00
# Visual Studio Version 17
VisualStudioVersion = 17.7.34024.191
MinimumVisualStudioVersion = 10.0.40219.1
Project("{FAE04EC0-301F-11D3-BF4B-00C04F79EFBC}") = "Assigments_GUI", "Assigments_GUI\Assigments_GUI.csproj", "{7CFDB903-F32E-4DB6-951A-73FEFC23910D}"
EndProject
Project("{FAE04EC0-301F-11D3-BF4B-00C04F79EFBC}") = "RegisterationForm", "RegisterationForm\RegisterationForm.csproj", "{63707D72-0EAB-4093-96A1-EAA434BEEF38}"
EndProject
Project("{9A19103F-16F7-4668-BE54-9A1E7A4F7556}") = "Day6_Lab_WinForm_2", "Day6_Lab_WinForm_2\Day6_Lab_WinForm_2.csproj", "{811CE397-C15D-4199-87C5-7D51EFA12FD3}"
EndProject
Global
	GlobalSection(SolutionConfigurationPlatforms) = preSolution
		Debug|Any CPU = Debug|Any CPU
		Release|Any CPU = Release|Any CPU
	EndGlobalSection
	GlobalSection(ProjectConfigurationPlatforms) = postSolution
		{7CFDB903-F32E-4DB6-951A-73FEFC23910D}.Debug|Any CPU.ActiveCfg = Debug|Any CPU
		{7CFDB903-F32E-4DB6-951A-73FEFC23910D}.Debug|Any CPU.Build.0 = Debug|Any CPU
		{7CFDB903-F32E-4DB6-951A-73FEFC23910D}.Release|Any CPU.ActiveCfg = Release|Any CPU
		{7CFDB903-F32E-4DB6-951A-73FEFC23910D}.Release|Any CPU.Build.0 = Release|Any CPU
		{63707D72-0EAB-4093-96A1-EAA434BEEF38}.Debug|Any CPU.ActiveCfg = Debug|Any CPU
		{63707D72-0EAB-4093-96A1-EAA434BEEF38}.Debug|Any CPU.Build.0 = Debug|Any CPU
		{63707D72-0EAB-4093-96A1-EAA434BEEF38}.Release|Any CPU.ActiveCfg = Release|Any CPU
		{63707D72-0EAB-4093-96A1-EAA434BEEF38}.Release|Any CPU.Build.0 = Release|Any CPU
		{811CE397-C15D-4199-87C5-7D51EFA12FD3}.Debug|Any CPU.ActiveCfg = Debug|Any CPU
		{811CE397-C15D-4199-87C5-7D51EFA12FD3}.Debug|Any CPU.Build.0 = Debug|Any CPU
		{811CE397-C15D-4199-87C5-7D51EFA12FD3}.Release|Any CPU.ActiveCfg = Release|Any CPU
		{811CE397-C15D-4199-87C5-7D51EFA12FD3}.Release|Any CPU.Build.0 = Release|Any CPU
	EndGlobalSection
	GlobalSection(SolutionProperties) = preSolution
		HideSolutionNode = FALSE
	EndGlobalSection
	GlobalSection(ExtensibilityGlobals) = postSolution
		SolutionGuid = {9817EBF7-378B-4335-A56A-36A1599CB6AE}
	EndGlobalSection
EndGlobal
