
Microsoft Visual Studio Solution File, Format Version 12.00
# Visual Studio Version 17
VisualStudioVersion = 17.6.33829.357
MinimumVisualStudioVersion = 10.0.40219.1
Project("{FAE04EC0-301F-11D3-BF4B-00C04F79EFBC}") = "Access_Modifiers_ENUM", "Access_Modifiers_ENUM\Access_Modifiers_ENUM.csproj", "{92FB260B-AB7B-4B2A-927E-508E7C056B48}"
EndProject
Global
	GlobalSection(SolutionConfigurationPlatforms) = preSolution
		Debug|Any CPU = Debug|Any CPU
		Release|Any CPU = Release|Any CPU
	EndGlobalSection
	GlobalSection(ProjectConfigurationPlatforms) = postSolution
		{92FB260B-AB7B-4B2A-927E-508E7C056B48}.Debug|Any CPU.ActiveCfg = Debug|Any CPU
		{92FB260B-AB7B-4B2A-927E-508E7C056B48}.Debug|Any CPU.Build.0 = Debug|Any CPU
		{92FB260B-AB7B-4B2A-927E-508E7C056B48}.Release|Any CPU.ActiveCfg = Release|Any CPU
		{92FB260B-AB7B-4B2A-927E-508E7C056B48}.Release|Any CPU.Build.0 = Release|Any CPU
	EndGlobalSection
	GlobalSection(SolutionProperties) = preSolution
		HideSolutionNode = FALSE
	EndGlobalSection
	GlobalSection(ExtensibilityGlobals) = postSolution
		SolutionGuid = {8F6D531A-0B43-46F1-B60A-CBC432FE484D}
	EndGlobalSection
EndGlobal
