
Microsoft Visual Studio Solution File, Format Version 12.00
# Visual Studio Version 17
VisualStudioVersion = 17.6.33829.357
MinimumVisualStudioVersion = 10.0.40219.1
Project("{FAE04EC0-301F-11D3-BF4B-00C04F79EFBC}") = "Lab2_Array_Function_Dictionary_ArrayList_List", "Lab2_Array_Function_Dictionary_ArrayList_List\Lab2_Array_Function_Dictionary_ArrayList_List.csproj", "{0B7A1F8D-297F-4580-AC25-FF5F9415F6BB}"
EndProject
Global
	GlobalSection(SolutionConfigurationPlatforms) = preSolution
		Debug|Any CPU = Debug|Any CPU
		Release|Any CPU = Release|Any CPU
	EndGlobalSection
	GlobalSection(ProjectConfigurationPlatforms) = postSolution
		{0B7A1F8D-297F-4580-AC25-FF5F9415F6BB}.Debug|Any CPU.ActiveCfg = Debug|Any CPU
		{0B7A1F8D-297F-4580-AC25-FF5F9415F6BB}.Debug|Any CPU.Build.0 = Debug|Any CPU
		{0B7A1F8D-297F-4580-AC25-FF5F9415F6BB}.Release|Any CPU.ActiveCfg = Release|Any CPU
		{0B7A1F8D-297F-4580-AC25-FF5F9415F6BB}.Release|Any CPU.Build.0 = Release|Any CPU
	EndGlobalSection
	GlobalSection(SolutionProperties) = preSolution
		HideSolutionNode = FALSE
	EndGlobalSection
	GlobalSection(ExtensibilityGlobals) = postSolution
		SolutionGuid = {572E881C-5DE8-45E7-9B96-849E3E3B2F2E}
	EndGlobalSection
EndGlobal
