
Microsoft Visual Studio Solution File, Format Version 12.00
# Visual Studio Version 17
VisualStudioVersion = 17.7.34031.279
MinimumVisualStudioVersion = 10.0.40219.1
Project("{FAE04EC0-301F-11D3-BF4B-00C04F79EFBC}") = "MVCApp_1", "MVCApp_1\MVCApp_1.csproj", "{B872BFC5-5B62-4BCE-AE68-D6D1CC34D4E3}"
EndProject
Global
	GlobalSection(SolutionConfigurationPlatforms) = preSolution
		Debug|Any CPU = Debug|Any CPU
		Release|Any CPU = Release|Any CPU
	EndGlobalSection
	GlobalSection(ProjectConfigurationPlatforms) = postSolution
		{B872BFC5-5B62-4BCE-AE68-D6D1CC34D4E3}.Debug|Any CPU.ActiveCfg = Debug|Any CPU
		{B872BFC5-5B62-4BCE-AE68-D6D1CC34D4E3}.Debug|Any CPU.Build.0 = Debug|Any CPU
		{B872BFC5-5B62-4BCE-AE68-D6D1CC34D4E3}.Release|Any CPU.ActiveCfg = Release|Any CPU
		{B872BFC5-5B62-4BCE-AE68-D6D1CC34D4E3}.Release|Any CPU.Build.0 = Release|Any CPU
	EndGlobalSection
	GlobalSection(SolutionProperties) = preSolution
		HideSolutionNode = FALSE
	EndGlobalSection
	GlobalSection(ExtensibilityGlobals) = postSolution
		SolutionGuid = {0F0532C7-4AEF-4E3F-9953-BB7C00D5FE7B}
	EndGlobalSection
EndGlobal
