
Microsoft Visual Studio Solution File, Format Version 12.00
# Visual Studio Version 17
VisualStudioVersion = 17.7.34031.279
MinimumVisualStudioVersion = 10.0.40219.1
Project("{FAE04EC0-301F-11D3-BF4B-00C04F79EFBC}") = "MVC_Day7_Lab", "MVC_Day7_Lab\MVC_Day7_Lab.csproj", "{2236F56E-D9EE-4378-973E-3EB6226F2F91}"
EndProject
Global
	GlobalSection(SolutionConfigurationPlatforms) = preSolution
		Debug|Any CPU = Debug|Any CPU
		Release|Any CPU = Release|Any CPU
	EndGlobalSection
	GlobalSection(ProjectConfigurationPlatforms) = postSolution
		{2236F56E-D9EE-4378-973E-3EB6226F2F91}.Debug|Any CPU.ActiveCfg = Debug|Any CPU
		{2236F56E-D9EE-4378-973E-3EB6226F2F91}.Debug|Any CPU.Build.0 = Debug|Any CPU
		{2236F56E-D9EE-4378-973E-3EB6226F2F91}.Release|Any CPU.ActiveCfg = Release|Any CPU
		{2236F56E-D9EE-4378-973E-3EB6226F2F91}.Release|Any CPU.Build.0 = Release|Any CPU
	EndGlobalSection
	GlobalSection(SolutionProperties) = preSolution
		HideSolutionNode = FALSE
	EndGlobalSection
	GlobalSection(ExtensibilityGlobals) = postSolution
		SolutionGuid = {2A75004D-5A72-41FF-A978-45B7B94D7698}
	EndGlobalSection
EndGlobal
