
Microsoft Visual Studio Solution File, Format Version 12.00
# Visual Studio Version 17
VisualStudioVersion = 17.6.33829.357
MinimumVisualStudioVersion = 10.0.40219.1
Project("{FAE04EC0-301F-11D3-BF4B-00C04F79EFBC}") = "OOP_Polymorphism", "OOP_Polymorphism\OOP_Polymorphism.csproj", "{F9FE6EC5-A3A5-499A-A81A-BB6F853C7059}"
EndProject
Global
	GlobalSection(SolutionConfigurationPlatforms) = preSolution
		Debug|Any CPU = Debug|Any CPU
		Release|Any CPU = Release|Any CPU
	EndGlobalSection
	GlobalSection(ProjectConfigurationPlatforms) = postSolution
		{F9FE6EC5-A3A5-499A-A81A-BB6F853C7059}.Debug|Any CPU.ActiveCfg = Debug|Any CPU
		{F9FE6EC5-A3A5-499A-A81A-BB6F853C7059}.Debug|Any CPU.Build.0 = Debug|Any CPU
		{F9FE6EC5-A3A5-499A-A81A-BB6F853C7059}.Release|Any CPU.ActiveCfg = Release|Any CPU
		{F9FE6EC5-A3A5-499A-A81A-BB6F853C7059}.Release|Any CPU.Build.0 = Release|Any CPU
	EndGlobalSection
	GlobalSection(SolutionProperties) = preSolution
		HideSolutionNode = FALSE
	EndGlobalSection
	GlobalSection(ExtensibilityGlobals) = postSolution
		SolutionGuid = {E3AF88B8-2572-47A9-A058-D1DB54620CFA}
	EndGlobalSection
EndGlobal
