
Microsoft Visual Studio Solution File, Format Version 12.00
# Visual Studio Version 17
VisualStudioVersion = 17.7.34024.191
MinimumVisualStudioVersion = 10.0.40219.1
Project("{FAE04EC0-301F-11D3-BF4B-00C04F79EFBC}") = "ADOForm", "ADOForm\ADOForm.csproj", "{76B5D8FB-12B5-45B6-9F73-DFF32E18116B}"
EndProject
Global
	GlobalSection(SolutionConfigurationPlatforms) = preSolution
		Debug|Any CPU = Debug|Any CPU
		Release|Any CPU = Release|Any CPU
	EndGlobalSection
	GlobalSection(ProjectConfigurationPlatforms) = postSolution
		{76B5D8FB-12B5-45B6-9F73-DFF32E18116B}.Debug|Any CPU.ActiveCfg = Debug|Any CPU
		{76B5D8FB-12B5-45B6-9F73-DFF32E18116B}.Debug|Any CPU.Build.0 = Debug|Any CPU
		{76B5D8FB-12B5-45B6-9F73-DFF32E18116B}.Release|Any CPU.ActiveCfg = Release|Any CPU
		{76B5D8FB-12B5-45B6-9F73-DFF32E18116B}.Release|Any CPU.Build.0 = Release|Any CPU
	EndGlobalSection
	GlobalSection(SolutionProperties) = preSolution
		HideSolutionNode = FALSE
	EndGlobalSection
	GlobalSection(ExtensibilityGlobals) = postSolution
		SolutionGuid = {8B65B0AC-574D-4E8E-A6E0-9A427D848D40}
	EndGlobalSection
EndGlobal
