
Microsoft Visual Studio Solution File, Format Version 12.00
# Visual Studio Version 17
VisualStudioVersion = 17.7.34024.191
MinimumVisualStudioVersion = 10.0.40219.1
Project("{FAE04EC0-301F-11D3-BF4B-00C04F79EFBC}") = "Form_DashBoard", "Form_DashBoard\Form_DashBoard.csproj", "{463464C4-4F5B-4AEB-9951-0EFC1E9D1290}"
EndProject
Global
	GlobalSection(SolutionConfigurationPlatforms) = preSolution
		Debug|Any CPU = Debug|Any CPU
		Release|Any CPU = Release|Any CPU
	EndGlobalSection
	GlobalSection(ProjectConfigurationPlatforms) = postSolution
		{463464C4-4F5B-4AEB-9951-0EFC1E9D1290}.Debug|Any CPU.ActiveCfg = Debug|Any CPU
		{463464C4-4F5B-4AEB-9951-0EFC1E9D1290}.Debug|Any CPU.Build.0 = Debug|Any CPU
		{463464C4-4F5B-4AEB-9951-0EFC1E9D1290}.Release|Any CPU.ActiveCfg = Release|Any CPU
		{463464C4-4F5B-4AEB-9951-0EFC1E9D1290}.Release|Any CPU.Build.0 = Release|Any CPU
	EndGlobalSection
	GlobalSection(SolutionProperties) = preSolution
		HideSolutionNode = FALSE
	EndGlobalSection
	GlobalSection(ExtensibilityGlobals) = postSolution
		SolutionGuid = {D0924471-01CA-4529-87A3-09BB93084015}
	EndGlobalSection
EndGlobal
